
Microsoft Visual Studio Solution File, Format Version 12.00
# Visual Studio Version 17
VisualStudioVersion = 17.5.33424.131
MinimumVisualStudioVersion = 10.0.40219.1
Project("{FAE04EC0-301F-11D3-BF4B-00C04F79EFBC}") = "ue3_sewtestangabe", "ue3_sewtestangabe\ue3_sewtestangabe.csproj", "{93609AE5-9024-4911-8551-A3A1C1BB1225}"
EndProject
Global
	GlobalSection(SolutionConfigurationPlatforms) = preSolution
		Debug|Any CPU = Debug|Any CPU
		Release|Any CPU = Release|Any CPU
	EndGlobalSection
	GlobalSection(ProjectConfigurationPlatforms) = postSolution
		{93609AE5-9024-4911-8551-A3A1C1BB1225}.Debug|Any CPU.ActiveCfg = Debug|Any CPU
		{93609AE5-9024-4911-8551-A3A1C1BB1225}.Debug|Any CPU.Build.0 = Debug|Any CPU
		{93609AE5-9024-4911-8551-A3A1C1BB1225}.Release|Any CPU.ActiveCfg = Release|Any CPU
		{93609AE5-9024-4911-8551-A3A1C1BB1225}.Release|Any CPU.Build.0 = Release|Any CPU
	EndGlobalSection
	GlobalSection(SolutionProperties) = preSolution
		HideSolutionNode = FALSE
	EndGlobalSection
	GlobalSection(ExtensibilityGlobals) = postSolution
		SolutionGuid = {3AFD2F6D-4E40-48D2-94EF-07259353763C}
	EndGlobalSection
EndGlobal
